
Microsoft Visual Studio Solution File, Format Version 12.00
# Visual Studio Version 16
VisualStudioVersion = 16.0.31702.278
MinimumVisualStudioVersion = 10.0.40219.1
Project("{FAE04EC0-301F-11D3-BF4B-00C04F79EFBC}") = "ConsoleApp", "ConsoleApp\ConsoleApp.csproj", "{B0C27636-008C-444A-BC9C-D184C5F5D6FC}"
EndProject
Global
	GlobalSection(SolutionConfigurationPlatforms) = preSolution
		Debug|Any CPU = Debug|Any CPU
		Release|Any CPU = Release|Any CPU
	EndGlobalSection
	GlobalSection(ProjectConfigurationPlatforms) = postSolution
		{B0C27636-008C-444A-BC9C-D184C5F5D6FC}.Debug|Any CPU.ActiveCfg = Debug|Any CPU
		{B0C27636-008C-444A-BC9C-D184C5F5D6FC}.Debug|Any CPU.Build.0 = Debug|Any CPU
		{B0C27636-008C-444A-BC9C-D184C5F5D6FC}.Release|Any CPU.ActiveCfg = Release|Any CPU
		{B0C27636-008C-444A-BC9C-D184C5F5D6FC}.Release|Any CPU.Build.0 = Release|Any CPU
	EndGlobalSection
	GlobalSection(SolutionProperties) = preSolution
		HideSolutionNode = FALSE
	EndGlobalSection
	GlobalSection(ExtensibilityGlobals) = postSolution
		SolutionGuid = {3157E59C-86C2-4EFD-B6DF-8D3647619C53}
	EndGlobalSection
EndGlobal
